
Microsoft Visual Studio Solution File, Format Version 10.00
# Visual Studio 2008
Project("{8BC9CEB8-8B4A-11D0-8D11-00A0C91BC942}") = "regexplib", "regexplib.vcproj", "{543731C2-E9B4-4149-9EC9-D5F7313D8CAE}"
EndProject
Global
	GlobalSection(SolutionConfigurationPlatforms) = preSolution
		Debug|Win32 = Debug|Win32
		Release|Win32 = Release|Win32
	EndGlobalSection
	GlobalSection(ProjectConfigurationPlatforms) = postSolution
		{543731C2-E9B4-4149-9EC9-D5F7313D8CAE}.Debug|Win32.ActiveCfg = Debug|Win32
		{543731C2-E9B4-4149-9EC9-D5F7313D8CAE}.Debug|Win32.Build.0 = Debug|Win32
		{543731C2-E9B4-4149-9EC9-D5F7313D8CAE}.Release|Win32.ActiveCfg = Release|Win32
		{543731C2-E9B4-4149-9EC9-D5F7313D8CAE}.Release|Win32.Build.0 = Release|Win32
	EndGlobalSection
	GlobalSection(SolutionProperties) = preSolution
		HideSolutionNode = FALSE
	EndGlobalSection
EndGlobal
