
Microsoft Visual Studio Solution File, Format Version 10.00
# Visual Studio 2008
Project("{8BC9CEB8-8B4A-11D0-8D11-00A0C91BC942}") = "tuxlist", "tuxlist.vcproj", "{8A2CCFA4-A9C6-4C7C-9117-F5E8647A2224}"
EndProject
Global
	GlobalSection(SolutionConfigurationPlatforms) = preSolution
		Debug|Win32 = Debug|Win32
		Release|Win32 = Release|Win32
	EndGlobalSection
	GlobalSection(ProjectConfigurationPlatforms) = postSolution
		{8A2CCFA4-A9C6-4C7C-9117-F5E8647A2224}.Debug|Win32.ActiveCfg = Debug|Win32
		{8A2CCFA4-A9C6-4C7C-9117-F5E8647A2224}.Debug|Win32.Build.0 = Debug|Win32
		{8A2CCFA4-A9C6-4C7C-9117-F5E8647A2224}.Release|Win32.ActiveCfg = Release|Win32
		{8A2CCFA4-A9C6-4C7C-9117-F5E8647A2224}.Release|Win32.Build.0 = Release|Win32
	EndGlobalSection
	GlobalSection(SolutionProperties) = preSolution
		HideSolutionNode = FALSE
	EndGlobalSection
EndGlobal
