// !$*UTF8*$!
{
	archiveVersion = 1;
	classes = {
	};
	objectVersion = 46;
	objects = {

/* Begin PBXBuildFile section */
		04E407551CACB2B8004F072F /* O.m in Sources */ = {isa = PBXBuildFile; fileRef = 04E407541CACB2B8004F072F /* O.m */; };
		04FAFB4C1CACAC9800356974 /* main.m in Sources */ = {isa = PBXBuildFile; fileRef = 04FAFB4B1CACAC9800356974 /* main.m */; };
		04FAFB541CACAD8000356974 /* s.swift in Sources */ = {isa = PBXBuildFile; fileRef = 04FAFB531CACAD8000356974 /* s.swift */; };
/* End PBXBuildFile section */

/* Begin PBXCopyFilesBuildPhase section */
		04FAFB461CACAC9800356974 /* CopyFiles */ = {
			isa = PBXCopyFilesBuildPhase;
			buildActionMask = 2147483647;
			dstPath = /usr/share/man/man1/;
			dstSubfolderSpec = 0;
			files = (
			);
			runOnlyForDeploymentPostprocessing = 1;
		};
/* End PBXCopyFilesBuildPhase section */

/* Begin PBXFileReference section */
		04E407531CACB2B8004F072F /* O.h */ = {isa = PBXFileReference; fileEncoding = 4; lastKnownFileType = sourcecode.c.h; path = O.h; sourceTree = "<group>"; };
		04E407541CACB2B8004F072F /* O.m */ = {isa = PBXFileReference; fileEncoding = 4; lastKnownFileType = sourcecode.c.objc; path = O.m; sourceTree = "<group>"; };
		04FAFB481CACAC9800356974 /* objc-swift */ = {isa = PBXFileReference; explicitFileType = "compiled.mach-o.executable"; includeInIndex = 0; path = "objc-swift"; sourceTree = BUILT_PRODUCTS_DIR; };
		04FAFB4B1CACAC9800356974 /* main.m */ = {isa = PBXFileReference; lastKnownFileType = sourcecode.c.objc; path = main.m; sourceTree = "<group>"; };
		04FAFB521CACAD8000356974 /* objc-swift-Bridging-Header.h */ = {isa = PBXFileReference; lastKnownFileType = sourcecode.c.h; path = "objc-swift-Bridging-Header.h"; sourceTree = "<group>"; };
		04FAFB531CACAD8000356974 /* s.swift */ = {isa = PBXFileReference; fileEncoding = 4; lastKnownFileType = sourcecode.swift; path = s.swift; sourceTree = "<group>"; };
/* End PBXFileReference section */

/* Begin PBXFrameworksBuildPhase section */
		04FAFB451CACAC9800356974 /* Frameworks */ = {
			isa = PBXFrameworksBuildPhase;
			buildActionMask = 2147483647;
			files = (
			);
			runOnlyForDeploymentPostprocessing = 0;
		};
/* End PBXFrameworksBuildPhase section */

/* Begin PBXGroup section */
		04FAFB3F1CACAC9800356974 = {
			isa = PBXGroup;
			children = (
				04FAFB4A1CACAC9800356974 /* objc-swift */,
				04FAFB491CACAC9800356974 /* Products */,
			);
			sourceTree = "<group>";
		};
		04FAFB491CACAC9800356974 /* Products */ = {
			isa = PBXGroup;
			children = (
				04FAFB481CACAC9800356974 /* objc-swift */,
			);
			name = Products;
			sourceTree = "<group>";
		};
		04FAFB4A1CACAC9800356974 /* objc-swift */ = {
			isa = PBXGroup;
			children = (
				04FAFB4B1CACAC9800356974 /* main.m */,
				04FAFB531CACAD8000356974 /* s.swift */,
				04FAFB521CACAD8000356974 /* objc-swift-Bridging-Header.h */,
				04E407531CACB2B8004F072F /* O.h */,
				04E407541CACB2B8004F072F /* O.m */,
			);
			path = "objc-swift";
			sourceTree = "<group>";
		};
/* End PBXGroup section */

/* Begin PBXNativeTarget section */
		04FAFB471CACAC9800356974 /* objc-swift */ = {
			isa = PBXNativeTarget;
			buildConfigurationList = 04FAFB4F1CACAC9800356974 /* Build configuration list for PBXNativeTarget "objc-swift" */;
			buildPhases = (
				04FAFB441CACAC9800356974 /* Sources */,
				04FAFB451CACAC9800356974 /* Frameworks */,
				04FAFB461CACAC9800356974 /* CopyFiles */,
			);
			buildRules = (
			);
			dependencies = (
			);
			name = "objc-swift";
			productName = "objc-swift";
			productReference = 04FAFB481CACAC9800356974 /* objc-swift */;
			productType = "com.apple.product-type.tool";
		};
/* End PBXNativeTarget section */

/* Begin PBXProject section */
		04FAFB401CACAC9800356974 /* Project object */ = {
			isa = PBXProject;
			attributes = {
				LastUpgradeCheck = 0720;
				ORGANIZATIONNAME = zuohaitao;
				TargetAttributes = {
					04FAFB471CACAC9800356974 = {
						CreatedOnToolsVersion = 7.2;
					};
				};
			};
			buildConfigurationList = 04FAFB431CACAC9800356974 /* Build configuration list for PBXProject "objc-swift" */;
			compatibilityVersion = "Xcode 3.2";
			developmentRegion = English;
			hasScannedForEncodings = 0;
			knownRegions = (
				en,
			);
			mainGroup = 04FAFB3F1CACAC9800356974;
			productRefGroup = 04FAFB491CACAC9800356974 /* Products */;
			projectDirPath = "";
			projectRoot = "";
			targets = (
				04FAFB471CACAC9800356974 /* objc-swift */,
			);
		};
/* End PBXProject section */

/* Begin PBXSourcesBuildPhase section */
		04FAFB441CACAC9800356974 /* Sources */ = {
			isa = PBXSourcesBuildPhase;
			buildActionMask = 2147483647;
			files = (
				04E407551CACB2B8004F072F /* O.m in Sources */,
				04FAFB4C1CACAC9800356974 /* main.m in Sources */,
				04FAFB541CACAD8000356974 /* s.swift in Sources */,
			);
			runOnlyForDeploymentPostprocessing = 0;
		};
/* End PBXSourcesBuildPhase section */

/* Begin XCBuildConfiguration section */
		04FAFB4D1CACAC9800356974 /* Debug */ = {
			isa = XCBuildConfiguration;
			buildSettings = {
				ALWAYS_SEARCH_USER_PATHS = NO;
				CLANG_CXX_LANGUAGE_STANDARD = "gnu++0x";
				CLANG_CXX_LIBRARY = "libc++";
				CLANG_ENABLE_MODULES = YES;
				CLANG_ENABLE_OBJC_ARC = YES;
				CLANG_WARN_BOOL_CONVERSION = YES;
				CLANG_WARN_CONSTANT_CONVERSION = YES;
				CLANG_WARN_DIRECT_OBJC_ISA_USAGE = YES_ERROR;
				CLANG_WARN_EMPTY_BODY = YES;
				CLANG_WARN_ENUM_CONVERSION = YES;
				CLANG_WARN_INT_CONVERSION = YES;
				CLANG_WARN_OBJC_ROOT_CLASS = YES_ERROR;
				CLANG_WARN_UNREACHABLE_CODE = YES;
				CLANG_WARN__DUPLICATE_METHOD_MATCH = YES;
				CODE_SIGN_IDENTITY = "-";
				COPY_PHASE_STRIP = NO;
				DEBUG_INFORMATION_FORMAT = dwarf;
				ENABLE_STRICT_OBJC_MSGSEND = YES;
				ENABLE_TESTABILITY = YES;
				GCC_C_LANGUAGE_STANDARD = gnu99;
				GCC_DYNAMIC_NO_PIC = NO;
				GCC_NO_COMMON_BLOCKS = YES;
				GCC_OPTIMIZATION_LEVEL = 0;
				GCC_PREPROCESSOR_DEFINITIONS = (
					"DEBUG=1",
					"$(inherited)",
				);
				GCC_WARN_64_TO_32_BIT_CONVERSION = YES;
				GCC_WARN_ABOUT_RETURN_TYPE = YES_ERROR;
				GCC_WARN_UNDECLARED_SELECTOR = YES;
				GCC_WARN_UNINITIALIZED_AUTOS = YES_AGGRESSIVE;
				GCC_WARN_UNUSED_FUNCTION = YES;
				GCC_WARN_UNUSED_VARIABLE = YES;
				MACOSX_DEPLOYMENT_TARGET = 10.11;
				MTL_ENABLE_DEBUG_INFO = YES;
				ONLY_ACTIVE_ARCH = YES;
				SDKROOT = macosx;
			};
			name = Debug;
		};
		04FAFB4E1CACAC9800356974 /* Release */ = {
			isa = XCBuildConfiguration;
			buildSettings = {
				ALWAYS_SEARCH_USER_PATHS = NO;
				CLANG_CXX_LANGUAGE_STANDARD = "gnu++0x";
				CLANG_CXX_LIBRARY = "libc++";
				CLANG_ENABLE_MODULES = YES;
				CLANG_ENABLE_OBJC_ARC = YES;
				CLANG_WARN_BOOL_CONVERSION = YES;
				CLANG_WARN_CONSTANT_CONVERSION = YES;
				CLANG_WARN_DIRECT_OBJC_ISA_USAGE = YES_ERROR;
				CLANG_WARN_EMPTY_BODY = YES;
				CLANG_WARN_ENUM_CONVERSION = YES;
				CLANG_WARN_INT_CONVERSION = YES;
				CLANG_WARN_OBJC_ROOT_CLASS = YES_ERROR;
				CLANG_WARN_UNREACHABLE_CODE = YES;
				CLANG_WARN__DUPLICATE_METHOD_MATCH = YES;
				CODE_SIGN_IDENTITY = "-";
				COPY_PHASE_STRIP = NO;
				DEBUG_INFORMATION_FORMAT = "dwarf-with-dsym";
				ENABLE_NS_ASSERTIONS = NO;
				ENABLE_STRICT_OBJC_MSGSEND = YES;
				GCC_C_LANGUAGE_STANDARD = gnu99;
				GCC_NO_COMMON_BLOCKS = YES;
				GCC_WARN_64_TO_32_BIT_CONVERSION = YES;
				GCC_WARN_ABOUT_RETURN_TYPE = YES_ERROR;
				GCC_WARN_UNDECLARED_SELECTOR = YES;
				GCC_WARN_UNINITIALIZED_AUTOS = YES_AGGRESSIVE;
				GCC_WARN_UNUSED_FUNCTION = YES;
				GCC_WARN_UNUSED_VARIABLE = YES;
				MACOSX_DEPLOYMENT_TARGET = 10.11;
				MTL_ENABLE_DEBUG_INFO = NO;
				SDKROOT = macosx;
			};
			name = Release;
		};
		04FAFB501CACAC9800356974 /* Debug */ = {
			isa = XCBuildConfiguration;
			buildSettings = {
				CLANG_ENABLE_MODULES = YES;
				LD_RUNPATH_SEARCH_PATHS = "$(inherited) @executable_path/../Frameworks @loader_path/../Frameworks";
				PRODUCT_NAME = "$(TARGET_NAME)";
				SWIFT_OBJC_BRIDGING_HEADER = "objc-swift/objc-swift-Bridging-Header.h";
				SWIFT_OPTIMIZATION_LEVEL = "-Onone";
			};
			name = Debug;
		};
		04FAFB511CACAC9800356974 /* Release */ = {
			isa = XCBuildConfiguration;
			buildSettings = {
				CLANG_ENABLE_MODULES = YES;
				LD_RUNPATH_SEARCH_PATHS = "$(inherited) @executable_path/../Frameworks @loader_path/../Frameworks";
				PRODUCT_NAME = "$(TARGET_NAME)";
				SWIFT_OBJC_BRIDGING_HEADER = "objc-swift/objc-swift-Bridging-Header.h";
			};
			name = Release;
		};
/* End XCBuildConfiguration section */

/* Begin XCConfigurationList section */
		04FAFB431CACAC9800356974 /* Build configuration list for PBXProject "objc-swift" */ = {
			isa = XCConfigurationList;
			buildConfigurations = (
				04FAFB4D1CACAC9800356974 /* Debug */,
				04FAFB4E1CACAC9800356974 /* Release */,
			);
			defaultConfigurationIsVisible = 0;
			defaultConfigurationName = Release;
		};
		04FAFB4F1CACAC9800356974 /* Build configuration list for PBXNativeTarget "objc-swift" */ = {
			isa = XCConfigurationList;
			buildConfigurations = (
				04FAFB501CACAC9800356974 /* Debug */,
				04FAFB511CACAC9800356974 /* Release */,
			);
			defaultConfigurationIsVisible = 0;
			defaultConfigurationName = Release;
		};
/* End XCConfigurationList section */
	};
	rootObject = 04FAFB401CACAC9800356974 /* Project object */;
}
